
Microsoft Visual Studio Solution File, Format Version 12.00
# Visual Studio Version 17
VisualStudioVersion = 17.3.32929.385
MinimumVisualStudioVersion = 10.0.40219.1
Project("{FAE04EC0-301F-11D3-BF4B-00C04F79EFBC}") = "Calculatorr", "Calculatorr\Calculatorr.csproj", "{322B548D-D6D4-4AED-B72E-76055AC0431C}"
EndProject
Global
	GlobalSection(SolutionConfigurationPlatforms) = preSolution
		Debug|Any CPU = Debug|Any CPU
		Release|Any CPU = Release|Any CPU
	EndGlobalSection
	GlobalSection(ProjectConfigurationPlatforms) = postSolution
		{322B548D-D6D4-4AED-B72E-76055AC0431C}.Debug|Any CPU.ActiveCfg = Debug|Any CPU
		{322B548D-D6D4-4AED-B72E-76055AC0431C}.Debug|Any CPU.Build.0 = Debug|Any CPU
		{322B548D-D6D4-4AED-B72E-76055AC0431C}.Release|Any CPU.ActiveCfg = Release|Any CPU
		{322B548D-D6D4-4AED-B72E-76055AC0431C}.Release|Any CPU.Build.0 = Release|Any CPU
	EndGlobalSection
	GlobalSection(SolutionProperties) = preSolution
		HideSolutionNode = FALSE
	EndGlobalSection
	GlobalSection(ExtensibilityGlobals) = postSolution
		SolutionGuid = {E2662FD5-5C0A-4ED8-BBE3-D69F09300F9F}
	EndGlobalSection
EndGlobal
